
Microsoft Visual Studio Solution File, Format Version 12.00
# Visual Studio Version 17
VisualStudioVersion = 17.7.34221.43
MinimumVisualStudioVersion = 10.0.40219.1
Project("{FAE04EC0-301F-11D3-BF4B-00C04F79EFBC}") = "ExceptionsLibrariesExtensions", "ExceptionsLibrariesExtensions.csproj", "{8A8E651A-033A-49CF-8A08-C16DDF2B061F}"
EndProject
Project("{FAE04EC0-301F-11D3-BF4B-00C04F79EFBC}") = "AccountsLib", "..\AccountsLib\AccountsLib.csproj", "{1086506F-02C8-47AF-8786-006F450E0285}"
EndProject
Project("{FAE04EC0-301F-11D3-BF4B-00C04F79EFBC}") = "WorkingWithFileLib", "..\WorkingWithFileLib\WorkingWithFileLib.csproj", "{C59E4CAD-7B17-4E48-B8B5-8602AFC57411}"
EndProject
Project("{FAE04EC0-301F-11D3-BF4B-00C04F79EFBC}") = "ClientsLib", "..\ClientsLib\ClientsLib.csproj", "{A26F9FBF-3738-47BA-B17C-C19EF92DFE68}"
EndProject
Project("{FAE04EC0-301F-11D3-BF4B-00C04F79EFBC}") = "WorkersLib", "..\WorkersLib\WorkersLib.csproj", "{45439145-5759-4B3B-8020-4D22E63DBB4D}"
EndProject
Project("{FAE04EC0-301F-11D3-BF4B-00C04F79EFBC}") = "RelayCommandLib", "..\RelayCommandLib\RelayCommandLib.csproj", "{3E1D74C5-18D8-4BD0-8CB5-2DF3F3F19485}"
EndProject
Global
	GlobalSection(SolutionConfigurationPlatforms) = preSolution
		Debug|Any CPU = Debug|Any CPU
		Release|Any CPU = Release|Any CPU
	EndGlobalSection
	GlobalSection(ProjectConfigurationPlatforms) = postSolution
		{8A8E651A-033A-49CF-8A08-C16DDF2B061F}.Debug|Any CPU.ActiveCfg = Debug|Any CPU
		{8A8E651A-033A-49CF-8A08-C16DDF2B061F}.Debug|Any CPU.Build.0 = Debug|Any CPU
		{8A8E651A-033A-49CF-8A08-C16DDF2B061F}.Release|Any CPU.ActiveCfg = Release|Any CPU
		{8A8E651A-033A-49CF-8A08-C16DDF2B061F}.Release|Any CPU.Build.0 = Release|Any CPU
		{1086506F-02C8-47AF-8786-006F450E0285}.Debug|Any CPU.ActiveCfg = Debug|Any CPU
		{1086506F-02C8-47AF-8786-006F450E0285}.Debug|Any CPU.Build.0 = Debug|Any CPU
		{1086506F-02C8-47AF-8786-006F450E0285}.Release|Any CPU.ActiveCfg = Release|Any CPU
		{1086506F-02C8-47AF-8786-006F450E0285}.Release|Any CPU.Build.0 = Release|Any CPU
		{C59E4CAD-7B17-4E48-B8B5-8602AFC57411}.Debug|Any CPU.ActiveCfg = Debug|Any CPU
		{C59E4CAD-7B17-4E48-B8B5-8602AFC57411}.Debug|Any CPU.Build.0 = Debug|Any CPU
		{C59E4CAD-7B17-4E48-B8B5-8602AFC57411}.Release|Any CPU.ActiveCfg = Release|Any CPU
		{C59E4CAD-7B17-4E48-B8B5-8602AFC57411}.Release|Any CPU.Build.0 = Release|Any CPU
		{A26F9FBF-3738-47BA-B17C-C19EF92DFE68}.Debug|Any CPU.ActiveCfg = Debug|Any CPU
		{A26F9FBF-3738-47BA-B17C-C19EF92DFE68}.Debug|Any CPU.Build.0 = Debug|Any CPU
		{A26F9FBF-3738-47BA-B17C-C19EF92DFE68}.Release|Any CPU.ActiveCfg = Release|Any CPU
		{A26F9FBF-3738-47BA-B17C-C19EF92DFE68}.Release|Any CPU.Build.0 = Release|Any CPU
		{45439145-5759-4B3B-8020-4D22E63DBB4D}.Debug|Any CPU.ActiveCfg = Debug|Any CPU
		{45439145-5759-4B3B-8020-4D22E63DBB4D}.Debug|Any CPU.Build.0 = Debug|Any CPU
		{45439145-5759-4B3B-8020-4D22E63DBB4D}.Release|Any CPU.ActiveCfg = Release|Any CPU
		{45439145-5759-4B3B-8020-4D22E63DBB4D}.Release|Any CPU.Build.0 = Release|Any CPU
		{3E1D74C5-18D8-4BD0-8CB5-2DF3F3F19485}.Debug|Any CPU.ActiveCfg = Debug|Any CPU
		{3E1D74C5-18D8-4BD0-8CB5-2DF3F3F19485}.Debug|Any CPU.Build.0 = Debug|Any CPU
		{3E1D74C5-18D8-4BD0-8CB5-2DF3F3F19485}.Release|Any CPU.ActiveCfg = Release|Any CPU
		{3E1D74C5-18D8-4BD0-8CB5-2DF3F3F19485}.Release|Any CPU.Build.0 = Release|Any CPU
	EndGlobalSection
	GlobalSection(SolutionProperties) = preSolution
		HideSolutionNode = FALSE
	EndGlobalSection
	GlobalSection(ExtensibilityGlobals) = postSolution
		SolutionGuid = {6F3895E6-1A19-4397-8CB5-BF796C5228C4}
	EndGlobalSection
EndGlobal
